
Microsoft Visual Studio Solution File, Format Version 12.00
# Visual Studio Version 17
VisualStudioVersion = 17.9.34607.119
MinimumVisualStudioVersion = 10.0.40219.1
Project("{2150E333-8FDC-42A3-9474-1A3956D46DE8}") = "Application", "Application", "{BC396A42-D77B-4ED7-AD51-89393FDFE4EA}"
EndProject
Project("{2150E333-8FDC-42A3-9474-1A3956D46DE8}") = "Domain", "Domain", "{3986A201-9C8E-433C-9904-9F6C28CC1373}"
EndProject
Project("{2150E333-8FDC-42A3-9474-1A3956D46DE8}") = "Infrastructure", "Infrastructure", "{2219EA9C-4A6B-48E8-B18C-98126F6C7EF7}"
EndProject
Project("{2150E333-8FDC-42A3-9474-1A3956D46DE8}") = "Services", "Services", "{90B57F6D-92CC-4233-8267-846696D3DEE8}"
EndProject
Project("{2150E333-8FDC-42A3-9474-1A3956D46DE8}") = "Utilities", "Utilities", "{ED1E0D09-4F10-4793-BFAE-C818D8769375}"
EndProject
Project("{FAE04EC0-301F-11D3-BF4B-00C04F79EFBC}") = "CLINICA.Domain", "src\CLINICA.Domain\CLINICA.Domain.csproj", "{88CED584-FD62-4F23-8CA6-2BFCBFCAB614}"
EndProject
Project("{FAE04EC0-301F-11D3-BF4B-00C04F79EFBC}") = "CLINICA.Infrastructure", "src\CLINICA.Infrastructure\CLINICA.Infrastructure.csproj", "{1715B7A5-DBEA-4A32-B3E3-8E309B516B9C}"
EndProject
Project("{FAE04EC0-301F-11D3-BF4B-00C04F79EFBC}") = "CLINICA.Persistence", "src\CLINICA.Persistence\CLINICA.Persistence.csproj", "{5F92662D-296C-4FAC-86E6-9E29A69765BD}"
EndProject
Project("{FAE04EC0-301F-11D3-BF4B-00C04F79EFBC}") = "CLINICA.Application.Dtos", "src\CLINICA.Application.Dtos\CLINICA.Application.Dtos.csproj", "{3A8032F7-F76C-4D2E-AB4B-C71388D35009}"
EndProject
Project("{FAE04EC0-301F-11D3-BF4B-00C04F79EFBC}") = "CLINICA.Application.Interface", "src\CLINICA.Application.Interface\CLINICA.Application.Interface.csproj", "{58F1B7E5-DD51-4333-829E-21B64E4E99C5}"
EndProject
Project("{FAE04EC0-301F-11D3-BF4B-00C04F79EFBC}") = "CLINICA.Application.UseCase", "src\CLINICA.Application.UseCase\CLINICA.Application.UseCase.csproj", "{789120EB-441C-4AE4-8128-BD5A6BA9DF57}"
EndProject
Project("{FAE04EC0-301F-11D3-BF4B-00C04F79EFBC}") = "CLINICA.Api", "src\CLINICA.Api\CLINICA.Api.csproj", "{4E9FFA2E-5F4D-419D-9756-B008DBF04E5F}"
EndProject
Project("{FAE04EC0-301F-11D3-BF4B-00C04F79EFBC}") = "CLINICA.Utilities", "src\CLINICA.Utilities\CLINICA.Utilities.csproj", "{2C72EC7D-8249-4E65-85A7-B709CA441240}"
EndProject
Global
	GlobalSection(SolutionConfigurationPlatforms) = preSolution
		Debug|Any CPU = Debug|Any CPU
		Release|Any CPU = Release|Any CPU
	EndGlobalSection
	GlobalSection(ProjectConfigurationPlatforms) = postSolution
		{88CED584-FD62-4F23-8CA6-2BFCBFCAB614}.Debug|Any CPU.ActiveCfg = Debug|Any CPU
		{88CED584-FD62-4F23-8CA6-2BFCBFCAB614}.Debug|Any CPU.Build.0 = Debug|Any CPU
		{88CED584-FD62-4F23-8CA6-2BFCBFCAB614}.Release|Any CPU.ActiveCfg = Release|Any CPU
		{88CED584-FD62-4F23-8CA6-2BFCBFCAB614}.Release|Any CPU.Build.0 = Release|Any CPU
		{1715B7A5-DBEA-4A32-B3E3-8E309B516B9C}.Debug|Any CPU.ActiveCfg = Debug|Any CPU
		{1715B7A5-DBEA-4A32-B3E3-8E309B516B9C}.Debug|Any CPU.Build.0 = Debug|Any CPU
		{1715B7A5-DBEA-4A32-B3E3-8E309B516B9C}.Release|Any CPU.ActiveCfg = Release|Any CPU
		{1715B7A5-DBEA-4A32-B3E3-8E309B516B9C}.Release|Any CPU.Build.0 = Release|Any CPU
		{5F92662D-296C-4FAC-86E6-9E29A69765BD}.Debug|Any CPU.ActiveCfg = Debug|Any CPU
		{5F92662D-296C-4FAC-86E6-9E29A69765BD}.Debug|Any CPU.Build.0 = Debug|Any CPU
		{5F92662D-296C-4FAC-86E6-9E29A69765BD}.Release|Any CPU.ActiveCfg = Release|Any CPU
		{5F92662D-296C-4FAC-86E6-9E29A69765BD}.Release|Any CPU.Build.0 = Release|Any CPU
		{3A8032F7-F76C-4D2E-AB4B-C71388D35009}.Debug|Any CPU.ActiveCfg = Debug|Any CPU
		{3A8032F7-F76C-4D2E-AB4B-C71388D35009}.Debug|Any CPU.Build.0 = Debug|Any CPU
		{3A8032F7-F76C-4D2E-AB4B-C71388D35009}.Release|Any CPU.ActiveCfg = Release|Any CPU
		{3A8032F7-F76C-4D2E-AB4B-C71388D35009}.Release|Any CPU.Build.0 = Release|Any CPU
		{58F1B7E5-DD51-4333-829E-21B64E4E99C5}.Debug|Any CPU.ActiveCfg = Debug|Any CPU
		{58F1B7E5-DD51-4333-829E-21B64E4E99C5}.Debug|Any CPU.Build.0 = Debug|Any CPU
		{58F1B7E5-DD51-4333-829E-21B64E4E99C5}.Release|Any CPU.ActiveCfg = Release|Any CPU
		{58F1B7E5-DD51-4333-829E-21B64E4E99C5}.Release|Any CPU.Build.0 = Release|Any CPU
		{789120EB-441C-4AE4-8128-BD5A6BA9DF57}.Debug|Any CPU.ActiveCfg = Debug|Any CPU
		{789120EB-441C-4AE4-8128-BD5A6BA9DF57}.Debug|Any CPU.Build.0 = Debug|Any CPU
		{789120EB-441C-4AE4-8128-BD5A6BA9DF57}.Release|Any CPU.ActiveCfg = Release|Any CPU
		{789120EB-441C-4AE4-8128-BD5A6BA9DF57}.Release|Any CPU.Build.0 = Release|Any CPU
		{4E9FFA2E-5F4D-419D-9756-B008DBF04E5F}.Debug|Any CPU.ActiveCfg = Debug|Any CPU
		{4E9FFA2E-5F4D-419D-9756-B008DBF04E5F}.Debug|Any CPU.Build.0 = Debug|Any CPU
		{4E9FFA2E-5F4D-419D-9756-B008DBF04E5F}.Release|Any CPU.ActiveCfg = Release|Any CPU
		{4E9FFA2E-5F4D-419D-9756-B008DBF04E5F}.Release|Any CPU.Build.0 = Release|Any CPU
		{2C72EC7D-8249-4E65-85A7-B709CA441240}.Debug|Any CPU.ActiveCfg = Debug|Any CPU
		{2C72EC7D-8249-4E65-85A7-B709CA441240}.Debug|Any CPU.Build.0 = Debug|Any CPU
		{2C72EC7D-8249-4E65-85A7-B709CA441240}.Release|Any CPU.ActiveCfg = Release|Any CPU
		{2C72EC7D-8249-4E65-85A7-B709CA441240}.Release|Any CPU.Build.0 = Release|Any CPU
	EndGlobalSection
	GlobalSection(SolutionProperties) = preSolution
		HideSolutionNode = FALSE
	EndGlobalSection
	GlobalSection(NestedProjects) = preSolution
		{88CED584-FD62-4F23-8CA6-2BFCBFCAB614} = {3986A201-9C8E-433C-9904-9F6C28CC1373}
		{1715B7A5-DBEA-4A32-B3E3-8E309B516B9C} = {2219EA9C-4A6B-48E8-B18C-98126F6C7EF7}
		{5F92662D-296C-4FAC-86E6-9E29A69765BD} = {2219EA9C-4A6B-48E8-B18C-98126F6C7EF7}
		{3A8032F7-F76C-4D2E-AB4B-C71388D35009} = {BC396A42-D77B-4ED7-AD51-89393FDFE4EA}
		{58F1B7E5-DD51-4333-829E-21B64E4E99C5} = {BC396A42-D77B-4ED7-AD51-89393FDFE4EA}
		{789120EB-441C-4AE4-8128-BD5A6BA9DF57} = {BC396A42-D77B-4ED7-AD51-89393FDFE4EA}
		{4E9FFA2E-5F4D-419D-9756-B008DBF04E5F} = {90B57F6D-92CC-4233-8267-846696D3DEE8}
		{2C72EC7D-8249-4E65-85A7-B709CA441240} = {ED1E0D09-4F10-4793-BFAE-C818D8769375}
	EndGlobalSection
	GlobalSection(ExtensibilityGlobals) = postSolution
		SolutionGuid = {C28A1B78-39C2-4778-85DA-7933D74F40F7}
	EndGlobalSection
EndGlobal
